<?xml version="1.0" encoding="utf-8"?>
<Project ToolsVersion="4.0" xmlns="http://schemas.microsoft.com/developer/msbuild/2003">
  <ItemGroup>
    <Filter Include="ソース ファイル">
      <UniqueIdentifier>{4FC737F1-C7A5-4376-A066-2A32D752A2FF}</UniqueIdentifier>
      <Extensions>cpp;c;cc;cxx;c++;cppm;ixx;def;odl;idl;hpj;bat;asm;asmx</Extensions>
    </Filter>
    <Filter Include="ヘッダー ファイル">
      <UniqueIdentifier>{93995380-89BD-4b04-88EB-625FBE52EBFB}</UniqueIdentifier>
      <Extensions>h;hh;hpp;hxx;h++;hm;inl;inc;ipp;xsd</Extensions>
    </Filter>
    <Filter Include="リソース ファイル">
      <UniqueIdentifier>{67DA6AB6-F800-4c08-8B7A-83BB121AAD01}</UniqueIdentifier>
      <Extensions>rc;ico;cur;bmp;dlg;rc2;rct;bin;rgs;gif;jpg;jpeg;jpe;resx;tiff;tif;png;wav;mfcribbon-ms</Extensions>
    </Filter>
    <Filter Include="WinApp">
      <UniqueIdentifier>{acb99a63-2744-4ba2-9951-a2c2082ea478}</UniqueIdentifier>
    </Filter>
    <Filter Include="DxCommon">
      <UniqueIdentifier>{abdec8bd-538f-40a7-9ef6-f846add2f99a}</UniqueIdentifier>
    </Filter>
    <Filter Include="Debug">
      <UniqueIdentifier>{f444d58c-b3c1-4ca4-8311-de30b7c7f134}</UniqueIdentifier>
    </Filter>
    <Filter Include="Debug\Log">
      <UniqueIdentifier>{9201ce86-8cdb-4609-a7ec-8a3af4911e27}</UniqueIdentifier>
    </Filter>
    <Filter Include="Debug\CrashHandler">
      <UniqueIdentifier>{1bb6ec99-fcb5-4c2e-b176-6d09518215a4}</UniqueIdentifier>
    </Filter>
  </ItemGroup>
  <ItemGroup>
    <None Include=".editorconfig" />
  </ItemGroup>
  <ItemGroup>
    <ClCompile Include="main.cpp">
      <Filter>ソース ファイル</Filter>
    </ClCompile>
    <ClCompile Include="WinApp.cpp">
      <Filter>WinApp</Filter>
    </ClCompile>
    <ClCompile Include="Logger.cpp">
      <Filter>Debug\Log</Filter>
    </ClCompile>
    <ClCompile Include="DxCommon.cpp">
      <Filter>DxCommon</Filter>
    </ClCompile>
    <ClCompile Include="CrashHandler.cpp">
      <Filter>Debug\CrashHandler</Filter>
    </ClCompile>
  </ItemGroup>
  <ItemGroup>
    <ClInclude Include="WinApp.h">
      <Filter>WinApp</Filter>
    </ClInclude>
    <ClInclude Include="WinConfig.h">
      <Filter>WinApp</Filter>
    </ClInclude>
    <ClInclude Include="Logger.h">
      <Filter>Debug\Log</Filter>
    </ClInclude>
    <ClInclude Include="DxCommon.h">
      <Filter>DxCommon</Filter>
    </ClInclude>
    <ClInclude Include="CrashHandler.h">
      <Filter>Debug\CrashHandler</Filter>
    </ClInclude>
  </ItemGroup>
</Project>