<?xml version="1.0" encoding="utf-8"?>
<Project ToolsVersion="4.0" xmlns="http://schemas.microsoft.com/developer/msbuild/2003">
  <ItemGroup>
    <Filter Include="ソース ファイル">
      <UniqueIdentifier>{4FC737F1-C7A5-4376-A066-2A32D752A2FF}</UniqueIdentifier>
      <Extensions>cpp;c;cc;cxx;c++;cppm;ixx;def;odl;idl;hpj;bat;asm;asmx</Extensions>
    </Filter>
    <Filter Include="ヘッダー ファイル">
      <UniqueIdentifier>{93995380-89BD-4b04-88EB-625FBE52EBFB}</UniqueIdentifier>
      <Extensions>h;hh;hpp;hxx;h++;hm;inl;inc;ipp;xsd</Extensions>
    </Filter>
    <Filter Include="リソース ファイル">
      <UniqueIdentifier>{67DA6AB6-F800-4c08-8B7A-83BB121AAD01}</UniqueIdentifier>
      <Extensions>rc;ico;cur;bmp;dlg;rc2;rct;bin;rgs;gif;jpg;jpeg;jpe;resx;tiff;tif;png;wav;mfcribbon-ms</Extensions>
    </Filter>
    <Filter Include="App">
      <UniqueIdentifier>{5f570dd4-a6bb-4ec0-844f-2fa63d0c4e60}</UniqueIdentifier>
    </Filter>
    <Filter Include="WinApp">
      <UniqueIdentifier>{acb99a63-2744-4ba2-9951-a2c2082ea478}</UniqueIdentifier>
    </Filter>
    <Filter Include="Graphics">
      <UniqueIdentifier>{abdec8bd-538f-40a7-9ef6-f846add2f99a}</UniqueIdentifier>
    </Filter>
    <Filter Include="Camera">
      <UniqueIdentifier>{1a7e96a2-0109-4be0-b3a6-0fda458b3149}</UniqueIdentifier>
    </Filter>
    <Filter Include="Renderer">
      <UniqueIdentifier>{72e4bead-bc3d-4591-a78e-7d6d6bc8bb27}</UniqueIdentifier>
    </Filter>
    <Filter Include="Shaders">
      <UniqueIdentifier>{1b2e9ae9-e373-4ef3-a7a4-5c2387f19b26}</UniqueIdentifier>
    </Filter>
    <Filter Include="Model">
      <UniqueIdentifier>{b7194b03-8909-4562-a0f8-459d6de2b45b}</UniqueIdentifier>
    </Filter>
    <Filter Include="Texture">
      <UniqueIdentifier>{a3d9cf87-5371-48dd-b06f-22f27b82431b}</UniqueIdentifier>
    </Filter>
    <Filter Include="External">
      <UniqueIdentifier>{eab31c62-c14e-4b5e-82fb-d5ae101a7d7b}</UniqueIdentifier>
    </Filter>
    <Filter Include="External\DirectXTex">
      <UniqueIdentifier>{d9029c55-501f-426f-a35b-9eaf8a4722d1}</UniqueIdentifier>
    </Filter>
    <Filter Include="Debug">
      <UniqueIdentifier>{f444d58c-b3c1-4ca4-8311-de30b7c7f134}</UniqueIdentifier>
    </Filter>
    <Filter Include="Debug\Log">
      <UniqueIdentifier>{9201ce86-8cdb-4609-a7ec-8a3af4911e27}</UniqueIdentifier>
    </Filter>
    <Filter Include="Debug\CrashHandler">
      <UniqueIdentifier>{1bb6ec99-fcb5-4c2e-b176-6d09518215a4}</UniqueIdentifier>
    </Filter>
    <Filter Include="Math">
      <UniqueIdentifier>{6d5b3818-5fff-4587-b0a7-3a35e9b0cf18}</UniqueIdentifier>
    </Filter>
    <Filter Include="Audio">
      <UniqueIdentifier>{9bcf7db9-cf71-4f33-b69f-5aa7b0fdd505}</UniqueIdentifier>
    </Filter>
    <Filter Include="Input">
      <UniqueIdentifier>{ed48e95d-d2f2-4ed5-9121-57983095c362}</UniqueIdentifier>
    </Filter>
    <Filter Include="imgui">
      <UniqueIdentifier>{6a0ad552-13f7-43b4-a25a-1d44fb3cf3b3}</UniqueIdentifier>
    </Filter>
    <Filter Include="Debug\Gui">
      <UniqueIdentifier>{d86649e1-214c-4b8a-b92a-e056313a698a}</UniqueIdentifier>
    </Filter>
  </ItemGroup>
  <ItemGroup>
    <None Include=".editorconfig" />
    <None Include="Shaders\Object3d.hlsli">
      <Filter>Shaders</Filter>
    </None>
  </ItemGroup>
  <ItemGroup>
    <ClCompile Include="App\main.cpp">
      <Filter>App</Filter>
    </ClCompile>
    <ClCompile Include="WinApp\WinApp.cpp">
      <Filter>WinApp</Filter>
    </ClCompile>
    <ClCompile Include="DebugTools\Logger\Logger.cpp">
      <Filter>Debug\Log</Filter>
    </ClCompile>
    <ClCompile Include="Graphics\D3D12Context.cpp">
      <Filter>Graphics</Filter>
    </ClCompile>
    <ClCompile Include="DebugTools\CrashHandler\CrashHandler.cpp">
      <Filter>Debug\CrashHandler</Filter>
    </ClCompile>
    <ClCompile Include="DebugTools\DebugCamera.cpp">
      <Filter>Debug</Filter>
    </ClCompile>
    <ClCompile Include="Audio\Audio.cpp">
      <Filter>Audio</Filter>
    </ClCompile>
    <ClCompile Include="Input\Input.cpp">
      <Filter>Input</Filter>
    </ClCompile>
    <ClCompile Include="Math\MathUtil.cpp">
      <Filter>Math</Filter>
    </ClCompile>
    <ClCompile Include="Texture\TextureManager.cpp">
      <Filter>Texture</Filter>
    </ClCompile>
    <ClCompile Include="Model\ModelLoader.cpp">
      <Filter>Model</Filter>
    </ClCompile>
    <ClCompile Include="Renderer\Object3dRenderer.cpp">
      <Filter>Renderer</Filter>
    </ClCompile>
    <ClCompile Include="Renderer\FrameRenderer.cpp">
      <Filter>Renderer</Filter>
    </ClCompile>
    <ClCompile Include="Camera\DefaultCamera.cpp">
      <Filter>Camera</Filter>
    </ClCompile>
    <ClCompile Include="externals\DirectXTex\BC.cpp">
      <Filter>External\DirectXTex</Filter>
    </ClCompile>
    <ClCompile Include="externals\DirectXTex\BC4BC5.cpp">
      <Filter>External\DirectXTex</Filter>
    </ClCompile>
    <ClCompile Include="externals\DirectXTex\BC6HBC7.cpp">
      <Filter>External\DirectXTex</Filter>
    </ClCompile>
    <ClCompile Include="externals\DirectXTex\DirectXTexCompress.cpp">
      <Filter>External\DirectXTex</Filter>
    </ClCompile>
    <ClCompile Include="externals\DirectXTex\DirectXTexConvert.cpp">
      <Filter>External\DirectXTex</Filter>
    </ClCompile>
    <ClCompile Include="externals\DirectXTex\DirectXTexImage.cpp">
      <Filter>External\DirectXTex</Filter>
    </ClCompile>
    <ClCompile Include="externals\DirectXTex\DirectXTexMipmaps.cpp">
      <Filter>External\DirectXTex</Filter>
    </ClCompile>
    <ClCompile Include="externals\DirectXTex\DirectXTexMisc.cpp">
      <Filter>External\DirectXTex</Filter>
    </ClCompile>
    <ClCompile Include="externals\DirectXTex\DirectXTexResize.cpp">
      <Filter>External\DirectXTex</Filter>
    </ClCompile>
    <ClCompile Include="externals\DirectXTex\DirectXTexUtil.cpp">
      <Filter>External\DirectXTex</Filter>
    </ClCompile>
    <ClCompile Include="externals\DirectXTex\DirectXTexWIC.cpp">
      <Filter>External\DirectXTex</Filter>
    </ClCompile>
    <ClCompile Include="externals\imgui\imgui.cpp">
      <Filter>imgui</Filter>
    </ClCompile>
    <ClCompile Include="externals\imgui\imgui_demo.cpp">
      <Filter>imgui</Filter>
    </ClCompile>
    <ClCompile Include="externals\imgui\imgui_draw.cpp">
      <Filter>imgui</Filter>
    </ClCompile>
    <ClCompile Include="externals\imgui\imgui_impl_dx12.cpp">
      <Filter>imgui</Filter>
    </ClCompile>
    <ClCompile Include="externals\imgui\imgui_impl_win32.cpp">
      <Filter>imgui</Filter>
    </ClCompile>
    <ClCompile Include="externals\imgui\imgui_tables.cpp">
      <Filter>imgui</Filter>
    </ClCompile>
    <ClCompile Include="externals\imgui\imgui_widgets.cpp">
      <Filter>imgui</Filter>
    </ClCompile>
    <ClCompile Include="DebugTools\Gui\DebugGui.cpp">
      <Filter>Debug\Gui</Filter>
    </ClCompile>
  </ItemGroup>
  <ItemGroup>
    <ClInclude Include="WinApp\WinApp.h">
      <Filter>WinApp</Filter>
    </ClInclude>
    <ClInclude Include="WinApp\WinConfig.h">
      <Filter>WinApp</Filter>
    </ClInclude>
    <ClInclude Include="DebugTools\Logger\Logger.h">
      <Filter>Debug\Log</Filter>
    </ClInclude>
    <ClInclude Include="Graphics\D3D12Context.h">
      <Filter>Graphics</Filter>
    </ClInclude>
    <ClInclude Include="DebugTools\CrashHandler\CrashHandler.h">
      <Filter>Debug\CrashHandler</Filter>
    </ClInclude>
    <ClInclude Include="DebugTools\CrashHandler\D3DResourceLeakChecker.h">
      <Filter>Debug\CrashHandler</Filter>
    </ClInclude>
    <ClInclude Include="DebugTools\DebugCamera.h">
      <Filter>Debug</Filter>
    </ClInclude>
    <ClInclude Include="Audio\Audio.h">
      <Filter>Audio</Filter>
    </ClInclude>
    <ClInclude Include="Input\Input.h">
      <Filter>Input</Filter>
    </ClInclude>
    <ClInclude Include="Math\MathUtil.h">
      <Filter>Math</Filter>
    </ClInclude>
    <ClInclude Include="Texture\TextureManager.h">
      <Filter>Texture</Filter>
    </ClInclude>
    <ClInclude Include="Model\ModelData.h">
      <Filter>Model</Filter>
    </ClInclude>
    <ClInclude Include="Model\ModelLoader.h">
      <Filter>Model</Filter>
    </ClInclude>
    <ClInclude Include="Renderer\Object3dRenderer.h">
      <Filter>Renderer</Filter>
    </ClInclude>
    <ClInclude Include="Renderer\FrameRenderer.h">
      <Filter>Renderer</Filter>
    </ClInclude>
    <ClInclude Include="Renderer\IRenderable.h">
      <Filter>Renderer</Filter>
    </ClInclude>
    <ClInclude Include="Camera\DefaultCamera.h">
      <Filter>Camera</Filter>
    </ClInclude>
    <ClInclude Include="Camera\ICamera.h">
      <Filter>Camera</Filter>
    </ClInclude>
    <ClInclude Include="externals\imgui\imconfig.h">
      <Filter>imgui</Filter>
    </ClInclude>
    <ClInclude Include="externals\imgui\imgui.h">
      <Filter>imgui</Filter>
    </ClInclude>
    <ClInclude Include="externals\imgui\imgui_impl_dx12.h">
      <Filter>imgui</Filter>
    </ClInclude>
    <ClInclude Include="externals\imgui\imgui_impl_win32.h">
      <Filter>imgui</Filter>
    </ClInclude>
    <ClInclude Include="externals\imgui\imgui_internal.h">
      <Filter>imgui</Filter>
    </ClInclude>
    <ClInclude Include="externals\imgui\imstb_rectpack.h">
      <Filter>imgui</Filter>
    </ClInclude>
    <ClInclude Include="externals\imgui\imstb_textedit.h">
      <Filter>imgui</Filter>
    </ClInclude>
    <ClInclude Include="externals\imgui\imstb_truetype.h">
      <Filter>imgui</Filter>
    </ClInclude>
    <ClInclude Include="DebugTools\Gui\DebugGui.h">
      <Filter>Debug\Gui</Filter>
    </ClInclude>
  </ItemGroup>
  <ItemGroup>
    <FxCompile Include="Shaders\Object3d.VS.hlsl">
      <Filter>Shaders</Filter>
    </FxCompile>
    <FxCompile Include="Shaders\Object3d.PS.hlsl">
      <Filter>Shaders</Filter>
    </FxCompile>
  </ItemGroup>
  <ItemGroup>
    <Text Include="externals\imgui\LICENSE.txt" />
  </ItemGroup>
</Project>
