<?xml version="1.0" encoding="utf-8"?>
<Project ToolsVersion="4.0" xmlns="http://schemas.microsoft.com/developer/msbuild/2003">
  <ItemGroup>
    <Filter Include="ソース ファイル">
      <UniqueIdentifier>{4FC737F1-C7A5-4376-A066-2A32D752A2FF}</UniqueIdentifier>
      <Extensions>cpp;c;cc;cxx;c++;cppm;ixx;def;odl;idl;hpj;bat;asm;asmx</Extensions>
    </Filter>
    <Filter Include="ヘッダー ファイル">
      <UniqueIdentifier>{93995380-89BD-4b04-88EB-625FBE52EBFB}</UniqueIdentifier>
      <Extensions>h;hh;hpp;hxx;h++;hm;inl;inc;ipp;xsd</Extensions>
    </Filter>
    <Filter Include="リソース ファイル">
      <UniqueIdentifier>{67DA6AB6-F800-4c08-8B7A-83BB121AAD01}</UniqueIdentifier>
      <Extensions>rc;ico;cur;bmp;dlg;rc2;rct;bin;rgs;gif;jpg;jpeg;jpe;resx;tiff;tif;png;wav;mfcribbon-ms</Extensions>
    </Filter>
    <Filter Include="WinApp">
      <UniqueIdentifier>{acb99a63-2744-4ba2-9951-a2c2082ea478}</UniqueIdentifier>
    </Filter>
    <Filter Include="DxCommon">
      <UniqueIdentifier>{abdec8bd-538f-40a7-9ef6-f846add2f99a}</UniqueIdentifier>
    </Filter>
    <Filter Include="Debug">
      <UniqueIdentifier>{f444d58c-b3c1-4ca4-8311-de30b7c7f134}</UniqueIdentifier>
    </Filter>
    <Filter Include="Debug\Log">
      <UniqueIdentifier>{9201ce86-8cdb-4609-a7ec-8a3af4911e27}</UniqueIdentifier>
    </Filter>
    <Filter Include="Debug\CrashHandler">
      <UniqueIdentifier>{1bb6ec99-fcb5-4c2e-b176-6d09518215a4}</UniqueIdentifier>
    </Filter>
    <Filter Include="Math">
      <UniqueIdentifier>{6d5b3818-5fff-4587-b0a7-3a35e9b0cf18}</UniqueIdentifier>
    </Filter>
    <Filter Include="Audio">
      <UniqueIdentifier>{9bcf7db9-cf71-4f33-b69f-5aa7b0fdd505}</UniqueIdentifier>
    </Filter>
    <Filter Include="imgui">
      <UniqueIdentifier>{6a0ad552-13f7-43b4-a25a-1d44fb3cf3b3}</UniqueIdentifier>
    </Filter>
    <Filter Include="Debug\Gui">
      <UniqueIdentifier>{d86649e1-214c-4b8a-b92a-e056313a698a}</UniqueIdentifier>
    </Filter>
  </ItemGroup>
  <ItemGroup>
    <None Include=".editorconfig" />
    <None Include="Object3d.hlsli" />
  </ItemGroup>
  <ItemGroup>
    <ClCompile Include="main.cpp">
      <Filter>ソース ファイル</Filter>
    </ClCompile>
    <ClCompile Include="WinApp.cpp">
      <Filter>WinApp</Filter>
    </ClCompile>
    <ClCompile Include="Logger.cpp">
      <Filter>Debug\Log</Filter>
    </ClCompile>
    <ClCompile Include="DxCommon.cpp">
      <Filter>DxCommon</Filter>
    </ClCompile>
    <ClCompile Include="CrashHandler.cpp">
      <Filter>Debug\CrashHandler</Filter>
    </ClCompile>
    <ClCompile Include="Audio.cpp">
      <Filter>Audio</Filter>
    </ClCompile>
    <ClCompile Include="MathUtil.cpp">
      <Filter>Math</Filter>
    </ClCompile>
    <ClCompile Include="TextureManager.cpp">
      <Filter>DxCommon</Filter>
    </ClCompile>
    <ClCompile Include="ModelLoader.cpp">
      <Filter>DxCommon</Filter>
    </ClCompile>
    <ClCompile Include="externals\DirectXTex\BC.cpp">
      <Filter>DxCommon</Filter>
    </ClCompile>
    <ClCompile Include="externals\DirectXTex\BC4BC5.cpp">
      <Filter>DxCommon</Filter>
    </ClCompile>
    <ClCompile Include="externals\DirectXTex\BC6HBC7.cpp">
      <Filter>DxCommon</Filter>
    </ClCompile>
    <ClCompile Include="externals\DirectXTex\DirectXTexCompress.cpp">
      <Filter>DxCommon</Filter>
    </ClCompile>
    <ClCompile Include="externals\DirectXTex\DirectXTexConvert.cpp">
      <Filter>DxCommon</Filter>
    </ClCompile>
    <ClCompile Include="externals\DirectXTex\DirectXTexImage.cpp">
      <Filter>DxCommon</Filter>
    </ClCompile>
    <ClCompile Include="externals\DirectXTex\DirectXTexMipmaps.cpp">
      <Filter>DxCommon</Filter>
    </ClCompile>
    <ClCompile Include="externals\DirectXTex\DirectXTexMisc.cpp">
      <Filter>DxCommon</Filter>
    </ClCompile>
    <ClCompile Include="externals\DirectXTex\DirectXTexResize.cpp">
      <Filter>DxCommon</Filter>
    </ClCompile>
    <ClCompile Include="externals\DirectXTex\DirectXTexUtil.cpp">
      <Filter>DxCommon</Filter>
    </ClCompile>
    <ClCompile Include="externals\DirectXTex\DirectXTexWIC.cpp">
      <Filter>DxCommon</Filter>
    </ClCompile>
    <ClCompile Include="externals\imgui\imgui.cpp">
      <Filter>imgui</Filter>
    </ClCompile>
    <ClCompile Include="externals\imgui\imgui_demo.cpp">
      <Filter>imgui</Filter>
    </ClCompile>
    <ClCompile Include="externals\imgui\imgui_draw.cpp">
      <Filter>imgui</Filter>
    </ClCompile>
    <ClCompile Include="externals\imgui\imgui_impl_dx12.cpp">
      <Filter>imgui</Filter>
    </ClCompile>
    <ClCompile Include="externals\imgui\imgui_impl_win32.cpp">
      <Filter>imgui</Filter>
    </ClCompile>
    <ClCompile Include="externals\imgui\imgui_tables.cpp">
      <Filter>imgui</Filter>
    </ClCompile>
    <ClCompile Include="externals\imgui\imgui_widgets.cpp">
      <Filter>imgui</Filter>
    </ClCompile>
    <ClCompile Include="DebugGui.cpp">
      <Filter>Debug\Gui</Filter>
    </ClCompile>
  </ItemGroup>
  <ItemGroup>
    <ClInclude Include="WinApp.h">
      <Filter>WinApp</Filter>
    </ClInclude>
    <ClInclude Include="WinConfig.h">
      <Filter>WinApp</Filter>
    </ClInclude>
    <ClInclude Include="Logger.h">
      <Filter>Debug\Log</Filter>
    </ClInclude>
    <ClInclude Include="DxCommon.h">
      <Filter>DxCommon</Filter>
    </ClInclude>
    <ClInclude Include="CrashHandler.h">
      <Filter>Debug\CrashHandler</Filter>
    </ClInclude>
    <ClInclude Include="D3DResourceLeakChecker.h">
      <Filter>Debug\CrashHandler</Filter>
    </ClInclude>
    <ClInclude Include="Audio.h">
      <Filter>Audio</Filter>
    </ClInclude>
    <ClInclude Include="MathUtil.h">
      <Filter>Math</Filter>
    </ClInclude>
    <ClInclude Include="TextureManager.h">
      <Filter>DxCommon</Filter>
    </ClInclude>
    <ClInclude Include="ModelData.h">
      <Filter>DxCommon</Filter>
    </ClInclude>
    <ClInclude Include="ModelLoader.h">
      <Filter>DxCommon</Filter>
    </ClInclude>
    <ClInclude Include="externals\imgui\imconfig.h">
      <Filter>imgui</Filter>
    </ClInclude>
    <ClInclude Include="externals\imgui\imgui.h">
      <Filter>imgui</Filter>
    </ClInclude>
    <ClInclude Include="externals\imgui\imgui_impl_dx12.h">
      <Filter>imgui</Filter>
    </ClInclude>
    <ClInclude Include="externals\imgui\imgui_impl_win32.h">
      <Filter>imgui</Filter>
    </ClInclude>
    <ClInclude Include="externals\imgui\imgui_internal.h">
      <Filter>imgui</Filter>
    </ClInclude>
    <ClInclude Include="externals\imgui\imstb_rectpack.h">
      <Filter>imgui</Filter>
    </ClInclude>
    <ClInclude Include="externals\imgui\imstb_textedit.h">
      <Filter>imgui</Filter>
    </ClInclude>
    <ClInclude Include="externals\imgui\imstb_truetype.h">
      <Filter>imgui</Filter>
    </ClInclude>
    <ClInclude Include="DebugGui.h">
      <Filter>Debug\Gui</Filter>
    </ClInclude>
  </ItemGroup>
  <ItemGroup>
    <FxCompile Include="Object3d.VS.hlsl" />
    <FxCompile Include="Object3d.PS.hlsl" />
  </ItemGroup>
  <ItemGroup>
    <Text Include="externals\imgui\LICENSE.txt" />
  </ItemGroup>
</Project>
